// !$*UTF8*$!
{
	archiveVersion = 1;
	classes = {
	};
	objectVersion = 46;
	objects = {

/* Begin PBXBuildFile section */
		1E0E97151D27EBD900DEA4DA /* AppDelegate.swift in Sources */ = {isa = PBXBuildFile; fileRef = 1E0E97141D27EBD900DEA4DA /* AppDelegate.swift */; };
		1E0E97171D27EBD900DEA4DA /* Assets.xcassets in Resources */ = {isa = PBXBuildFile; fileRef = 1E0E97161D27EBD900DEA4DA /* Assets.xcassets */; };
		1E0E971A1D27EBD900DEA4DA /* MainMenu.xib in Resources */ = {isa = PBXBuildFile; fileRef = 1E0E97181D27EBD900DEA4DA /* MainMenu.xib */; };
		1E0E97221D27F27000DEA4DA /* CRTextConverter.swift in Sources */ = {isa = PBXBuildFile; fileRef = 1E0E97211D27F27000DEA4DA /* CRTextConverter.swift */; };
/* End PBXBuildFile section */

/* Begin PBXFileReference section */
		1E0E97111D27EBD900DEA4DA /* iHapilator.app */ = {isa = PBXFileReference; explicitFileType = wrapper.application; includeInIndex = 0; path = iHapilator.app; sourceTree = BUILT_PRODUCTS_DIR; };
		1E0E97141D27EBD900DEA4DA /* AppDelegate.swift */ = {isa = PBXFileReference; lastKnownFileType = sourcecode.swift; path = AppDelegate.swift; sourceTree = "<group>"; };
		1E0E97161D27EBD900DEA4DA /* Assets.xcassets */ = {isa = PBXFileReference; lastKnownFileType = folder.assetcatalog; path = Assets.xcassets; sourceTree = "<group>"; };
		1E0E97191D27EBD900DEA4DA /* Base */ = {isa = PBXFileReference; lastKnownFileType = file.xib; name = Base; path = Base.lproj/MainMenu.xib; sourceTree = "<group>"; };
		1E0E971B1D27EBD900DEA4DA /* Info.plist */ = {isa = PBXFileReference; lastKnownFileType = text.plist.xml; path = Info.plist; sourceTree = "<group>"; };
		1E0E97211D27F27000DEA4DA /* CRTextConverter.swift */ = {isa = PBXFileReference; fileEncoding = 4; lastKnownFileType = sourcecode.swift; path = CRTextConverter.swift; sourceTree = "<group>"; };
/* End PBXFileReference section */

/* Begin PBXFrameworksBuildPhase section */
		1E0E970E1D27EBD900DEA4DA /* Frameworks */ = {
			isa = PBXFrameworksBuildPhase;
			buildActionMask = 2147483647;
			files = (
			);
			runOnlyForDeploymentPostprocessing = 0;
		};
/* End PBXFrameworksBuildPhase section */

/* Begin PBXGroup section */
		1E0E97081D27EBD800DEA4DA = {
			isa = PBXGroup;
			children = (
				1E0E97131D27EBD900DEA4DA /* iHapilator */,
				1E0E97121D27EBD900DEA4DA /* Products */,
			);
			sourceTree = "<group>";
		};
		1E0E97121D27EBD900DEA4DA /* Products */ = {
			isa = PBXGroup;
			children = (
				1E0E97111D27EBD900DEA4DA /* iHapilator.app */,
			);
			name = Products;
			sourceTree = "<group>";
		};
		1E0E97131D27EBD900DEA4DA /* iHapilator */ = {
			isa = PBXGroup;
			children = (
				1E0E97141D27EBD900DEA4DA /* AppDelegate.swift */,
				1E0E97211D27F27000DEA4DA /* CRTextConverter.swift */,
				1E0E97161D27EBD900DEA4DA /* Assets.xcassets */,
				1E0E97181D27EBD900DEA4DA /* MainMenu.xib */,
				1E0E971B1D27EBD900DEA4DA /* Info.plist */,
			);
			path = iHapilator;
			sourceTree = "<group>";
		};
/* End PBXGroup section */

/* Begin PBXNativeTarget section */
		1E0E97101D27EBD900DEA4DA /* iHapilator */ = {
			isa = PBXNativeTarget;
			buildConfigurationList = 1E0E971E1D27EBD900DEA4DA /* Build configuration list for PBXNativeTarget "iHapilator" */;
			buildPhases = (
				1E0E970D1D27EBD900DEA4DA /* Sources */,
				1E0E970E1D27EBD900DEA4DA /* Frameworks */,
				1E0E970F1D27EBD900DEA4DA /* Resources */,
			);
			buildRules = (
			);
			dependencies = (
			);
			name = iHapilator;
			productName = iHapilator;
			productReference = 1E0E97111D27EBD900DEA4DA /* iHapilator.app */;
			productType = "com.apple.product-type.application";
		};
/* End PBXNativeTarget section */

/* Begin PBXProject section */
		1E0E97091D27EBD800DEA4DA /* Project object */ = {
			isa = PBXProject;
			attributes = {
				LastSwiftUpdateCheck = 0730;
				LastUpgradeCheck = 0730;
				ORGANIZATIONNAME = "Truong Vinh Tran";
				TargetAttributes = {
					1E0E97101D27EBD900DEA4DA = {
						CreatedOnToolsVersion = 7.3;
					};
				};
			};
			buildConfigurationList = 1E0E970C1D27EBD800DEA4DA /* Build configuration list for PBXProject "iHapilator" */;
			compatibilityVersion = "Xcode 3.2";
			developmentRegion = English;
			hasScannedForEncodings = 0;
			knownRegions = (
				en,
				Base,
			);
			mainGroup = 1E0E97081D27EBD800DEA4DA;
			productRefGroup = 1E0E97121D27EBD900DEA4DA /* Products */;
			projectDirPath = "";
			projectRoot = "";
			targets = (
				1E0E97101D27EBD900DEA4DA /* iHapilator */,
			);
		};
/* End PBXProject section */

/* Begin PBXResourcesBuildPhase section */
		1E0E970F1D27EBD900DEA4DA /* Resources */ = {
			isa = PBXResourcesBuildPhase;
			buildActionMask = 2147483647;
			files = (
				1E0E97171D27EBD900DEA4DA /* Assets.xcassets in Resources */,
				1E0E971A1D27EBD900DEA4DA /* MainMenu.xib in Resources */,
			);
			runOnlyForDeploymentPostprocessing = 0;
		};
/* End PBXResourcesBuildPhase section */

/* Begin PBXSourcesBuildPhase section */
		1E0E970D1D27EBD900DEA4DA /* Sources */ = {
			isa = PBXSourcesBuildPhase;
			buildActionMask = 2147483647;
			files = (
				1E0E97221D27F27000DEA4DA /* CRTextConverter.swift in Sources */,
				1E0E97151D27EBD900DEA4DA /* AppDelegate.swift in Sources */,
			);
			runOnlyForDeploymentPostprocessing = 0;
		};
/* End PBXSourcesBuildPhase section */

/* Begin PBXVariantGroup section */
		1E0E97181D27EBD900DEA4DA /* MainMenu.xib */ = {
			isa = PBXVariantGroup;
			children = (
				1E0E97191D27EBD900DEA4DA /* Base */,
			);
			name = MainMenu.xib;
			sourceTree = "<group>";
		};
/* End PBXVariantGroup section */

/* Begin XCBuildConfiguration section */
		1E0E971C1D27EBD900DEA4DA /* Debug */ = {
			isa = XCBuildConfiguration;
			buildSettings = {
				ALWAYS_SEARCH_USER_PATHS = NO;
				CLANG_ANALYZER_NONNULL = YES;
				CLANG_CXX_LANGUAGE_STANDARD = "gnu++0x";
				CLANG_CXX_LIBRARY = "libc++";
				CLANG_ENABLE_MODULES = YES;
				CLANG_ENABLE_OBJC_ARC = YES;
				CLANG_WARN_BOOL_CONVERSION = YES;
				CLANG_WARN_CONSTANT_CONVERSION = YES;
				CLANG_WARN_DIRECT_OBJC_ISA_USAGE = YES_ERROR;
				CLANG_WARN_EMPTY_BODY = YES;
				CLANG_WARN_ENUM_CONVERSION = YES;
				CLANG_WARN_INT_CONVERSION = YES;
				CLANG_WARN_OBJC_ROOT_CLASS = YES_ERROR;
				CLANG_WARN_UNREACHABLE_CODE = YES;
				CLANG_WARN__DUPLICATE_METHOD_MATCH = YES;
				CODE_SIGN_IDENTITY = "-";
				COPY_PHASE_STRIP = NO;
				DEBUG_INFORMATION_FORMAT = dwarf;
				ENABLE_STRICT_OBJC_MSGSEND = YES;
				ENABLE_TESTABILITY = YES;
				GCC_C_LANGUAGE_STANDARD = gnu99;
				GCC_DYNAMIC_NO_PIC = NO;
				GCC_NO_COMMON_BLOCKS = YES;
				GCC_OPTIMIZATION_LEVEL = 0;
				GCC_PREPROCESSOR_DEFINITIONS = (
					"DEBUG=1",
					"$(inherited)",
				);
				GCC_WARN_64_TO_32_BIT_CONVERSION = YES;
				GCC_WARN_ABOUT_RETURN_TYPE = YES_ERROR;
				GCC_WARN_UNDECLARED_SELECTOR = YES;
				GCC_WARN_UNINITIALIZED_AUTOS = YES_AGGRESSIVE;
				GCC_WARN_UNUSED_FUNCTION = YES;
				GCC_WARN_UNUSED_VARIABLE = YES;
				MACOSX_DEPLOYMENT_TARGET = 10.11;
				MTL_ENABLE_DEBUG_INFO = YES;
				ONLY_ACTIVE_ARCH = YES;
				SDKROOT = macosx;
				SWIFT_OPTIMIZATION_LEVEL = "-Onone";
			};
			name = Debug;
		};
		1E0E971D1D27EBD900DEA4DA /* Release */ = {
			isa = XCBuildConfiguration;
			buildSettings = {
				ALWAYS_SEARCH_USER_PATHS = NO;
				CLANG_ANALYZER_NONNULL = YES;
				CLANG_CXX_LANGUAGE_STANDARD = "gnu++0x";
				CLANG_CXX_LIBRARY = "libc++";
				CLANG_ENABLE_MODULES = YES;
				CLANG_ENABLE_OBJC_ARC = YES;
				CLANG_WARN_BOOL_CONVERSION = YES;
				CLANG_WARN_CONSTANT_CONVERSION = YES;
				CLANG_WARN_DIRECT_OBJC_ISA_USAGE = YES_ERROR;
				CLANG_WARN_EMPTY_BODY = YES;
				CLANG_WARN_ENUM_CONVERSION = YES;
				CLANG_WARN_INT_CONVERSION = YES;
				CLANG_WARN_OBJC_ROOT_CLASS = YES_ERROR;
				CLANG_WARN_UNREACHABLE_CODE = YES;
				CLANG_WARN__DUPLICATE_METHOD_MATCH = YES;
				CODE_SIGN_IDENTITY = "-";
				COPY_PHASE_STRIP = NO;
				DEBUG_INFORMATION_FORMAT = "dwarf-with-dsym";
				ENABLE_NS_ASSERTIONS = NO;
				ENABLE_STRICT_OBJC_MSGSEND = YES;
				GCC_C_LANGUAGE_STANDARD = gnu99;
				GCC_NO_COMMON_BLOCKS = YES;
				GCC_WARN_64_TO_32_BIT_CONVERSION = YES;
				GCC_WARN_ABOUT_RETURN_TYPE = YES_ERROR;
				GCC_WARN_UNDECLARED_SELECTOR = YES;
				GCC_WARN_UNINITIALIZED_AUTOS = YES_AGGRESSIVE;
				GCC_WARN_UNUSED_FUNCTION = YES;
				GCC_WARN_UNUSED_VARIABLE = YES;
				MACOSX_DEPLOYMENT_TARGET = 10.11;
				MTL_ENABLE_DEBUG_INFO = NO;
				SDKROOT = macosx;
			};
			name = Release;
		};
		1E0E971F1D27EBD900DEA4DA /* Debug */ = {
			isa = XCBuildConfiguration;
			buildSettings = {
				ASSETCATALOG_COMPILER_APPICON_NAME = AppIcon;
				COMBINE_HIDPI_IMAGES = YES;
				INFOPLIST_FILE = iHapilator/Info.plist;
				LD_RUNPATH_SEARCH_PATHS = "$(inherited) @executable_path/../Frameworks";
				PRODUCT_BUNDLE_IDENTIFIER = cn.crz.iHapilator;
				PRODUCT_NAME = "$(TARGET_NAME)";
			};
			name = Debug;
		};
		1E0E97201D27EBD900DEA4DA /* Release */ = {
			isa = XCBuildConfiguration;
			buildSettings = {
				ASSETCATALOG_COMPILER_APPICON_NAME = AppIcon;
				COMBINE_HIDPI_IMAGES = YES;
				INFOPLIST_FILE = iHapilator/Info.plist;
				LD_RUNPATH_SEARCH_PATHS = "$(inherited) @executable_path/../Frameworks";
				PRODUCT_BUNDLE_IDENTIFIER = cn.crz.iHapilator;
				PRODUCT_NAME = "$(TARGET_NAME)";
			};
			name = Release;
		};
/* End XCBuildConfiguration section */

/* Begin XCConfigurationList section */
		1E0E970C1D27EBD800DEA4DA /* Build configuration list for PBXProject "iHapilator" */ = {
			isa = XCConfigurationList;
			buildConfigurations = (
				1E0E971C1D27EBD900DEA4DA /* Debug */,
				1E0E971D1D27EBD900DEA4DA /* Release */,
			);
			defaultConfigurationIsVisible = 0;
			defaultConfigurationName = Release;
		};
		1E0E971E1D27EBD900DEA4DA /* Build configuration list for PBXNativeTarget "iHapilator" */ = {
			isa = XCConfigurationList;
			buildConfigurations = (
				1E0E971F1D27EBD900DEA4DA /* Debug */,
				1E0E97201D27EBD900DEA4DA /* Release */,
			);
			defaultConfigurationIsVisible = 0;
		};
/* End XCConfigurationList section */
	};
	rootObject = 1E0E97091D27EBD800DEA4DA /* Project object */;
}
